
Microsoft Visual Studio Solution File, Format Version 12.00
# Visual Studio Version 16
VisualStudioVersion = 16.0.30907.101
MinimumVisualStudioVersion = 10.0.40219.1
Project("{FAE04EC0-301F-11D3-BF4B-00C04F79EFBC}") = "CalculateShapeArea", "CalculateShapeArea.csproj", "{2FD7745B-2E14-4527-B6F9-246419487220}"
EndProject
Project("{FAE04EC0-301F-11D3-BF4B-00C04F79EFBC}") = "CalculateShapeAreaTests", "..\CalculateShapeAreaTests\CalculateShapeAreaTests.csproj", "{1C9D0BD0-6F9E-4342-96ED-89CF07012473}"
EndProject
Global
	GlobalSection(SolutionConfigurationPlatforms) = preSolution
		Debug|Any CPU = Debug|Any CPU
		Release|Any CPU = Release|Any CPU
	EndGlobalSection
	GlobalSection(ProjectConfigurationPlatforms) = postSolution
		{2FD7745B-2E14-4527-B6F9-246419487220}.Debug|Any CPU.ActiveCfg = Debug|Any CPU
		{2FD7745B-2E14-4527-B6F9-246419487220}.Debug|Any CPU.Build.0 = Debug|Any CPU
		{2FD7745B-2E14-4527-B6F9-246419487220}.Release|Any CPU.ActiveCfg = Release|Any CPU
		{2FD7745B-2E14-4527-B6F9-246419487220}.Release|Any CPU.Build.0 = Release|Any CPU
		{1C9D0BD0-6F9E-4342-96ED-89CF07012473}.Debug|Any CPU.ActiveCfg = Debug|Any CPU
		{1C9D0BD0-6F9E-4342-96ED-89CF07012473}.Debug|Any CPU.Build.0 = Debug|Any CPU
		{1C9D0BD0-6F9E-4342-96ED-89CF07012473}.Release|Any CPU.ActiveCfg = Release|Any CPU
		{1C9D0BD0-6F9E-4342-96ED-89CF07012473}.Release|Any CPU.Build.0 = Release|Any CPU
	EndGlobalSection
	GlobalSection(SolutionProperties) = preSolution
		HideSolutionNode = FALSE
	EndGlobalSection
	GlobalSection(ExtensibilityGlobals) = postSolution
		SolutionGuid = {CE9604F0-E93F-40ED-A8AB-2FC137908031}
	EndGlobalSection
EndGlobal
